github.com/coder/websocket v1.8.15 h1:6B2JPeOGlpff2Uz6vOEH1Vzpi0iUz20A+lPVhPHtNUA=
github.com/coder/websocket v1.8.15/go.mod h1:NX3SzP+inril6yawo5CQXx8+fk145lPDC6pumgx0mVg=
github.com/diamondburned/gotk4/pkg v0.4.1 h1:w4BwVUUBkKyNLz5HKHN2Oz3kZCTLHfpfKgB/su1p6uo=
github.com/diamondburned/gotk4/pkg v0.4.1/go.mod h1:BAEEDXtj5srQ1S2++5HX2K1s9c6CtuWSa60dAywrkRM=
github.com/go-gst/go-glib v0.0.2 h1:2sclYOyJzyi2/iRQlNjXoDi0FBxt8NHFPQFdRV9qH38=
github.com/go-gst/go-glib v0.0.2/go.mod h1:cHWRWZCiwhx4CmW92T0/+cxn69AquI7aj2mIk96WgEI=
github.com/go-gst/go-gst v1.4.1 h1:tweyiGikgGz0Vmqhd2u9IW1tADs6R2nMTbr+ABjXoV0=
github.com/go-gst/go-gst v1.4.1/go.mod h1:zzkqr1po9KGciuVBY9hsDeOWsOGllEa1+lZeL7ELNfk=
golang.org/x/sync v0.0.0-20210220032951-036812b2e83c h1:5KslGYwFpkhGh+Q16bwMP3cOontH8FOep7tGV86Y7SQ=
golang.org/x/sync v0.0.0-20210220032951-036812b2e83c/go.mod h1:RxMgew5VJxzue5/jJTE5uejpjVlOe/izrB70Jof72aM=
